
Microsoft Visual Studio Solution File, Format Version 12.00
# Visual Studio 15
VisualStudioVersion = 15.0.28010.2046
MinimumVisualStudioVersion = 10.0.40219.1
Project("{FAE04EC0-301F-11D3-BF4B-00C04F79EFBC}") = "proxy", "proxy\proxy.csproj", "{70762589-4161-4EAD-8D41-DE6A266C1AF5}"
EndProject
Global
	GlobalSection(SolutionConfigurationPlatforms) = preSolution
		Debug|Any CPU = Debug|Any CPU
		Release|Any CPU = Release|Any CPU
	EndGlobalSection
	GlobalSection(ProjectConfigurationPlatforms) = postSolution
		{70762589-4161-4EAD-8D41-DE6A266C1AF5}.Debug|Any CPU.ActiveCfg = Debug|Any CPU
		{70762589-4161-4EAD-8D41-DE6A266C1AF5}.Debug|Any CPU.Build.0 = Debug|Any CPU
		{70762589-4161-4EAD-8D41-DE6A266C1AF5}.Release|Any CPU.ActiveCfg = Release|Any CPU
		{70762589-4161-4EAD-8D41-DE6A266C1AF5}.Release|Any CPU.Build.0 = Release|Any CPU
	EndGlobalSection
	GlobalSection(SolutionProperties) = preSolution
		HideSolutionNode = FALSE
	EndGlobalSection
	GlobalSection(ExtensibilityGlobals) = postSolution
		SolutionGuid = {D67FC44E-97F1-4A98-B2F5-592E46D78575}
	EndGlobalSection
EndGlobal
